
Microsoft Visual Studio Solution File, Format Version 12.00
# Visual Studio Version 17
VisualStudioVersion = 17.4.33110.190
MinimumVisualStudioVersion = 10.0.40219.1
Project("{FAE04EC0-301F-11D3-BF4B-00C04F79EFBC}") = "TrackerLibrary", "TrackerLibrary\TrackerLibrary.csproj", "{6047C1B0-8B9A-48ED-A0BC-928BDB5F99DB}"
EndProject
Global
	GlobalSection(SolutionConfigurationPlatforms) = preSolution
		Debug|Any CPU = Debug|Any CPU
		Release|Any CPU = Release|Any CPU
	EndGlobalSection
	GlobalSection(ProjectConfigurationPlatforms) = postSolution
		{6047C1B0-8B9A-48ED-A0BC-928BDB5F99DB}.Debug|Any CPU.ActiveCfg = Debug|Any CPU
		{6047C1B0-8B9A-48ED-A0BC-928BDB5F99DB}.Debug|Any CPU.Build.0 = Debug|Any CPU
		{6047C1B0-8B9A-48ED-A0BC-928BDB5F99DB}.Release|Any CPU.ActiveCfg = Release|Any CPU
		{6047C1B0-8B9A-48ED-A0BC-928BDB5F99DB}.Release|Any CPU.Build.0 = Release|Any CPU
	EndGlobalSection
	GlobalSection(SolutionProperties) = preSolution
		HideSolutionNode = FALSE
	EndGlobalSection
	GlobalSection(ExtensibilityGlobals) = postSolution
		SolutionGuid = {80B85FD3-6118-46FA-B434-636310915998}
	EndGlobalSection
EndGlobal
